
Microsoft Visual Studio Solution File, Format Version 12.00
# Visual Studio Version 17
VisualStudioVersion = 17.12.35527.113
MinimumVisualStudioVersion = 10.0.40219.1
Project("{9A19103F-16F7-4668-BE54-9A1E7A4F7556}") = "PrestigePathway.Api", "PrestigePathway.Api\PrestigePathway.Api.csproj", "{5F58C1A0-7D57-4A25-B5A1-E27142C0CB81}"
EndProject
Project("{9A19103F-16F7-4668-BE54-9A1E7A4F7556}") = "PrestigePathway.DataAccessLayer", "PrestigePathway.DataAccessLayer\PrestigePathway.DataAccessLayer.csproj", "{EEA91689-1413-495B-9C88-2DCA711DDEA0}"
EndProject
Project("{9A19103F-16F7-4668-BE54-9A1E7A4F7556}") = "PrestigePathway.Test", "PrestigePathway.Test\PrestigePathway.Test.csproj", "{5287E9BD-0356-4A2C-A6AB-A3EFE58FEF10}"
EndProject
Project("{FAE04EC0-301F-11D3-BF4B-00C04F79EFBC}") = "PrestigePathway.Data", "PrestigePathway.Data\PrestigePathway.Data.csproj", "{4F80E6E3-2E65-44B2-B008-47EC33F4DAF2}"
EndProject
Global
	GlobalSection(SolutionConfigurationPlatforms) = preSolution
		Debug|Any CPU = Debug|Any CPU
		Release|Any CPU = Release|Any CPU
	EndGlobalSection
	GlobalSection(ProjectConfigurationPlatforms) = postSolution
		{5F58C1A0-7D57-4A25-B5A1-E27142C0CB81}.Debug|Any CPU.ActiveCfg = Debug|Any CPU
		{5F58C1A0-7D57-4A25-B5A1-E27142C0CB81}.Debug|Any CPU.Build.0 = Debug|Any CPU
		{5F58C1A0-7D57-4A25-B5A1-E27142C0CB81}.Release|Any CPU.ActiveCfg = Release|Any CPU
		{5F58C1A0-7D57-4A25-B5A1-E27142C0CB81}.Release|Any CPU.Build.0 = Release|Any CPU
		{EEA91689-1413-495B-9C88-2DCA711DDEA0}.Debug|Any CPU.ActiveCfg = Debug|Any CPU
		{EEA91689-1413-495B-9C88-2DCA711DDEA0}.Debug|Any CPU.Build.0 = Debug|Any CPU
		{EEA91689-1413-495B-9C88-2DCA711DDEA0}.Release|Any CPU.ActiveCfg = Release|Any CPU
		{EEA91689-1413-495B-9C88-2DCA711DDEA0}.Release|Any CPU.Build.0 = Release|Any CPU
		{5287E9BD-0356-4A2C-A6AB-A3EFE58FEF10}.Debug|Any CPU.ActiveCfg = Debug|Any CPU
		{5287E9BD-0356-4A2C-A6AB-A3EFE58FEF10}.Debug|Any CPU.Build.0 = Debug|Any CPU
		{5287E9BD-0356-4A2C-A6AB-A3EFE58FEF10}.Release|Any CPU.ActiveCfg = Release|Any CPU
		{5287E9BD-0356-4A2C-A6AB-A3EFE58FEF10}.Release|Any CPU.Build.0 = Release|Any CPU
		{4F80E6E3-2E65-44B2-B008-47EC33F4DAF2}.Debug|Any CPU.ActiveCfg = Debug|Any CPU
		{4F80E6E3-2E65-44B2-B008-47EC33F4DAF2}.Debug|Any CPU.Build.0 = Debug|Any CPU
		{4F80E6E3-2E65-44B2-B008-47EC33F4DAF2}.Release|Any CPU.ActiveCfg = Release|Any CPU
		{4F80E6E3-2E65-44B2-B008-47EC33F4DAF2}.Release|Any CPU.Build.0 = Release|Any CPU
	EndGlobalSection
	GlobalSection(SolutionProperties) = preSolution
		HideSolutionNode = FALSE
	EndGlobalSection
EndGlobal
